// !$*UTF8*$!
{
	archiveVersion = 1;
	classes = {
	};
	objectVersion = 50;
	objects = {

/* Begin PBXBuildFile section */
		1287013321B1C52300B361D2 /* weatherData.swift in Sources */ = {isa = PBXBuildFile; fileRef = 1287013221B1C52300B361D2 /* weatherData.swift */; };
		1287013521B1C54700B361D2 /* DayViewController.swift in Sources */ = {isa = PBXBuildFile; fileRef = 1287013421B1C54700B361D2 /* DayViewController.swift */; };
		1287013721B1C58800B361D2 /* DayView.storyboard in Resources */ = {isa = PBXBuildFile; fileRef = 1287013621B1C58800B361D2 /* DayView.storyboard */; };
		1357D21B70A13A6BD594980F /* Pods_Pulse.framework in Frameworks */ = {isa = PBXBuildFile; fileRef = 28D028834D90E6B177767C9A /* Pods_Pulse.framework */; };
		21684E8921B49CDB00B8C1CF /* emotions.png in Resources */ = {isa = PBXBuildFile; fileRef = 21684E8821B49CDB00B8C1CF /* emotions.png */; };
		AF36FA3C2194ED020094E3CC /* AppDelegate.swift in Sources */ = {isa = PBXBuildFile; fileRef = AF36FA3B2194ED020094E3CC /* AppDelegate.swift */; };
		AF36FA412194ED020094E3CC /* Main.storyboard in Resources */ = {isa = PBXBuildFile; fileRef = AF36FA3F2194ED020094E3CC /* Main.storyboard */; };
		AF36FA432194ED050094E3CC /* Assets.xcassets in Resources */ = {isa = PBXBuildFile; fileRef = AF36FA422194ED050094E3CC /* Assets.xcassets */; };
		AF36FA462194ED050094E3CC /* LaunchScreen.storyboard in Resources */ = {isa = PBXBuildFile; fileRef = AF36FA442194ED050094E3CC /* LaunchScreen.storyboard */; };
		AF36FA512194ED050094E3CC /* PulseTests.swift in Sources */ = {isa = PBXBuildFile; fileRef = AF36FA502194ED050094E3CC /* PulseTests.swift */; };
		AF36FA5C2194ED6E0094E3CC /* GoogleService-Info.plist in Resources */ = {isa = PBXBuildFile; fileRef = AF36FA5B2194ED6E0094E3CC /* GoogleService-Info.plist */; };
		AF36FA612194F6E10094E3CC /* AuthNavigationController.swift in Sources */ = {isa = PBXBuildFile; fileRef = AF36FA602194F6E10094E3CC /* AuthNavigationController.swift */; };
		AF36FA642194FACD0094E3CC /* color.swift in Sources */ = {isa = PBXBuildFile; fileRef = AF36FA632194FACD0094E3CC /* color.swift */; };
		AF36FA662194FD440094E3CC /* SignUpController.swift in Sources */ = {isa = PBXBuildFile; fileRef = AF36FA652194FD440094E3CC /* SignUpController.swift */; };
		AF36FA682194FD5C0094E3CC /* LogInController.swift in Sources */ = {isa = PBXBuildFile; fileRef = AF36FA672194FD5C0094E3CC /* LogInController.swift */; };
		AF36FA6A219506D90094E3CC /* textfield.swift in Sources */ = {isa = PBXBuildFile; fileRef = AF36FA69219506D90094E3CC /* textfield.swift */; };
		AF36FA6C2195089A0094E3CC /* string.swift in Sources */ = {isa = PBXBuildFile; fileRef = AF36FA6B2195089A0094E3CC /* string.swift */; };
		AF3CD4B42195F38200A00EDA /* LandingController.swift in Sources */ = {isa = PBXBuildFile; fileRef = AF3CD4B32195F38200A00EDA /* LandingController.swift */; };
		AF3CD4B62196000700A00EDA /* OnboardingTest.storyboard in Resources */ = {isa = PBXBuildFile; fileRef = AF3CD4B52196000700A00EDA /* OnboardingTest.storyboard */; };
		AF3CD4B82196057800A00EDA /* OnboardingProfileController.swift in Sources */ = {isa = PBXBuildFile; fileRef = AF3CD4B72196057800A00EDA /* OnboardingProfileController.swift */; };
		AF3CD4BE2196176E00A00EDA /* User.swift in Sources */ = {isa = PBXBuildFile; fileRef = AF3CD4BD2196176E00A00EDA /* User.swift */; };
		AF3CD4C021961B6800A00EDA /* LoggedIn.storyboard in Resources */ = {isa = PBXBuildFile; fileRef = AF3CD4BF21961B6800A00EDA /* LoggedIn.storyboard */; };
		AF3CD4C221961BA800A00EDA /* LoggedInController.swift in Sources */ = {isa = PBXBuildFile; fileRef = AF3CD4C121961BA800A00EDA /* LoggedInController.swift */; };
		AF3CD4C4219652BC00A00EDA /* Messages.swift in Sources */ = {isa = PBXBuildFile; fileRef = AF3CD4C3219652BC00A00EDA /* Messages.swift */; };
		AF4D572221952281005D5F38 /* uiview.swift in Sources */ = {isa = PBXBuildFile; fileRef = AF4D572121952281005D5F38 /* uiview.swift */; };
		AF4D572C219542BF005D5F38 /* OnboardingController.swift in Sources */ = {isa = PBXBuildFile; fileRef = AF4D572B219542BF005D5F38 /* OnboardingController.swift */; };
		AF4D572E2195464D005D5F38 /* OnboardingPage.xib in Resources */ = {isa = PBXBuildFile; fileRef = AF4D572D2195464D005D5F38 /* OnboardingPage.xib */; };
		AF4D573021954850005D5F38 /* OnboardingSlide.swift in Sources */ = {isa = PBXBuildFile; fileRef = AF4D572F21954850005D5F38 /* OnboardingSlide.swift */; };
		AF726C6B219A33C100A9D5FC /* operations.swift in Sources */ = {isa = PBXBuildFile; fileRef = AF726C6A219A33C100A9D5FC /* operations.swift */; };
		AF726C6D219B95ED00A9D5FC /* date.swift in Sources */ = {isa = PBXBuildFile; fileRef = AF726C6C219B95ED00A9D5FC /* date.swift */; };
		AF726C70219BA06000A9D5FC /* Settings.storyboard in Resources */ = {isa = PBXBuildFile; fileRef = AF726C6F219BA06000A9D5FC /* Settings.storyboard */; };
		AF726C72219BA40E00A9D5FC /* SettingsController.swift in Sources */ = {isa = PBXBuildFile; fileRef = AF726C71219BA40E00A9D5FC /* SettingsController.swift */; };
		AF726C75219BA9DD00A9D5FC /* timer.swift in Sources */ = {isa = PBXBuildFile; fileRef = AF726C74219BA9DD00A9D5FC /* timer.swift */; };
		AF726C77219CDCE800A9D5FC /* DayView.swift in Sources */ = {isa = PBXBuildFile; fileRef = AF726C76219CDCE800A9D5FC /* DayView.swift */; };
		AFAA9BE02196C38B00DA3B24 /* collection.swift in Sources */ = {isa = PBXBuildFile; fileRef = AFAA9BDF2196C38B00DA3B24 /* collection.swift */; };
		AFAA9BE22197FA4100DA3B24 /* Mood.swift in Sources */ = {isa = PBXBuildFile; fileRef = AFAA9BE12197FA4100DA3B24 /* Mood.swift */; };
		AFAA9BE42197FD8600DA3B24 /* LogDay.swift in Sources */ = {isa = PBXBuildFile; fileRef = AFAA9BE32197FD8600DA3B24 /* LogDay.swift */; };
		AFAA9BE62197FDDA00DA3B24 /* Weather.swift in Sources */ = {isa = PBXBuildFile; fileRef = AFAA9BE52197FDDA00DA3B24 /* Weather.swift */; };
		AFAA9BE82198082600DA3B24 /* CalendarCell.swift in Sources */ = {isa = PBXBuildFile; fileRef = AFAA9BE72198082600DA3B24 /* CalendarCell.swift */; };
		BC65C1603A39D3CB2E288583 /* Pods_PulseTests.framework in Frameworks */ = {isa = PBXBuildFile; fileRef = 764C8EFA1511882B38D6562E /* Pods_PulseTests.framework */; };
/* End PBXBuildFile section */

/* Begin PBXContainerItemProxy section */
		AF36FA4D2194ED050094E3CC /* PBXContainerItemProxy */ = {
			isa = PBXContainerItemProxy;
			containerPortal = AF36FA302194ED020094E3CC /* Project object */;
			proxyType = 1;
			remoteGlobalIDString = AF36FA372194ED020094E3CC;
			remoteInfo = Pulse;
		};
/* End PBXContainerItemProxy section */

/* Begin PBXFileReference section */
		1287013221B1C52300B361D2 /* weatherData.swift */ = {isa = PBXFileReference; lastKnownFileType = sourcecode.swift; path = weatherData.swift; sourceTree = "<group>"; };
		1287013421B1C54700B361D2 /* DayViewController.swift */ = {isa = PBXFileReference; lastKnownFileType = sourcecode.swift; path = DayViewController.swift; sourceTree = "<group>"; };
		1287013621B1C58800B361D2 /* DayView.storyboard */ = {isa = PBXFileReference; lastKnownFileType = file.storyboard; path = DayView.storyboard; sourceTree = "<group>"; };
		21684E8821B49CDB00B8C1CF /* emotions.png */ = {isa = PBXFileReference; lastKnownFileType = image.png; path = emotions.png; sourceTree = "<group>"; };
		28D028834D90E6B177767C9A /* Pods_Pulse.framework */ = {isa = PBXFileReference; explicitFileType = wrapper.framework; includeInIndex = 0; path = Pods_Pulse.framework; sourceTree = BUILT_PRODUCTS_DIR; };
		6C94951F8C93A556A8464593 /* Pods-Pulse.debug.xcconfig */ = {isa = PBXFileReference; includeInIndex = 1; lastKnownFileType = text.xcconfig; name = "Pods-Pulse.debug.xcconfig"; path = "Pods/Target Support Files/Pods-Pulse/Pods-Pulse.debug.xcconfig"; sourceTree = "<group>"; };
		73882C485E0B358E2807A93B /* Pods-PulseTests.release.xcconfig */ = {isa = PBXFileReference; includeInIndex = 1; lastKnownFileType = text.xcconfig; name = "Pods-PulseTests.release.xcconfig"; path = "Pods/Target Support Files/Pods-PulseTests/Pods-PulseTests.release.xcconfig"; sourceTree = "<group>"; };
		764C8EFA1511882B38D6562E /* Pods_PulseTests.framework */ = {isa = PBXFileReference; explicitFileType = wrapper.framework; includeInIndex = 0; path = Pods_PulseTests.framework; sourceTree = BUILT_PRODUCTS_DIR; };
		8BF05FCD28655B8815D22BAE /* Pods-Pulse.release.xcconfig */ = {isa = PBXFileReference; includeInIndex = 1; lastKnownFileType = text.xcconfig; name = "Pods-Pulse.release.xcconfig"; path = "Pods/Target Support Files/Pods-Pulse/Pods-Pulse.release.xcconfig"; sourceTree = "<group>"; };
		987ADFFD72E65D09B732B041 /* Pods-PulseTests.debug.xcconfig */ = {isa = PBXFileReference; includeInIndex = 1; lastKnownFileType = text.xcconfig; name = "Pods-PulseTests.debug.xcconfig"; path = "Pods/Target Support Files/Pods-PulseTests/Pods-PulseTests.debug.xcconfig"; sourceTree = "<group>"; };
		AF36FA382194ED020094E3CC /* Pulse.app */ = {isa = PBXFileReference; explicitFileType = wrapper.application; includeInIndex = 0; path = Pulse.app; sourceTree = BUILT_PRODUCTS_DIR; };
		AF36FA3B2194ED020094E3CC /* AppDelegate.swift */ = {isa = PBXFileReference; lastKnownFileType = sourcecode.swift; path = AppDelegate.swift; sourceTree = "<group>"; };
		AF36FA402194ED020094E3CC /* Base */ = {isa = PBXFileReference; lastKnownFileType = file.storyboard; name = Base; path = Base.lproj/Main.storyboard; sourceTree = "<group>"; };
		AF36FA422194ED050094E3CC /* Assets.xcassets */ = {isa = PBXFileReference; lastKnownFileType = folder.assetcatalog; path = Assets.xcassets; sourceTree = "<group>"; };
		AF36FA452194ED050094E3CC /* Base */ = {isa = PBXFileReference; lastKnownFileType = file.storyboard; name = Base; path = Base.lproj/LaunchScreen.storyboard; sourceTree = "<group>"; };
		AF36FA472194ED050094E3CC /* Info.plist */ = {isa = PBXFileReference; lastKnownFileType = text.plist.xml; path = Info.plist; sourceTree = "<group>"; };
		AF36FA4C2194ED050094E3CC /* PulseTests.xctest */ = {isa = PBXFileReference; explicitFileType = wrapper.cfbundle; includeInIndex = 0; path = PulseTests.xctest; sourceTree = BUILT_PRODUCTS_DIR; };
		AF36FA502194ED050094E3CC /* PulseTests.swift */ = {isa = PBXFileReference; lastKnownFileType = sourcecode.swift; path = PulseTests.swift; sourceTree = "<group>"; };
		AF36FA522194ED050094E3CC /* Info.plist */ = {isa = PBXFileReference; lastKnownFileType = text.plist.xml; path = Info.plist; sourceTree = "<group>"; };
		AF36FA5B2194ED6E0094E3CC /* GoogleService-Info.plist */ = {isa = PBXFileReference; fileEncoding = 4; lastKnownFileType = text.plist.xml; path = "GoogleService-Info.plist"; sourceTree = "<group>"; };
		AF36FA602194F6E10094E3CC /* AuthNavigationController.swift */ = {isa = PBXFileReference; lastKnownFileType = sourcecode.swift; path = AuthNavigationController.swift; sourceTree = "<group>"; };
		AF36FA632194FACD0094E3CC /* color.swift */ = {isa = PBXFileReference; lastKnownFileType = sourcecode.swift; path = color.swift; sourceTree = "<group>"; };
		AF36FA652194FD440094E3CC /* SignUpController.swift */ = {isa = PBXFileReference; lastKnownFileType = sourcecode.swift; path = SignUpController.swift; sourceTree = "<group>"; };
		AF36FA672194FD5C0094E3CC /* LogInController.swift */ = {isa = PBXFileReference; lastKnownFileType = sourcecode.swift; path = LogInController.swift; sourceTree = "<group>"; };
		AF36FA69219506D90094E3CC /* textfield.swift */ = {isa = PBXFileReference; lastKnownFileType = sourcecode.swift; path = textfield.swift; sourceTree = "<group>"; };
		AF36FA6B2195089A0094E3CC /* string.swift */ = {isa = PBXFileReference; lastKnownFileType = sourcecode.swift; path = string.swift; sourceTree = "<group>"; };
		AF3CD4B32195F38200A00EDA /* LandingController.swift */ = {isa = PBXFileReference; lastKnownFileType = sourcecode.swift; path = LandingController.swift; sourceTree = "<group>"; };
		AF3CD4B52196000700A00EDA /* OnboardingTest.storyboard */ = {isa = PBXFileReference; lastKnownFileType = file.storyboard; path = OnboardingTest.storyboard; sourceTree = "<group>"; };
		AF3CD4B72196057800A00EDA /* OnboardingProfileController.swift */ = {isa = PBXFileReference; lastKnownFileType = sourcecode.swift; path = OnboardingProfileController.swift; sourceTree = "<group>"; };
		AF3CD4BD2196176E00A00EDA /* User.swift */ = {isa = PBXFileReference; lastKnownFileType = sourcecode.swift; path = User.swift; sourceTree = "<group>"; };
		AF3CD4BF21961B6800A00EDA /* LoggedIn.storyboard */ = {isa = PBXFileReference; lastKnownFileType = file.storyboard; path = LoggedIn.storyboard; sourceTree = "<group>"; };
		AF3CD4C121961BA800A00EDA /* LoggedInController.swift */ = {isa = PBXFileReference; lastKnownFileType = sourcecode.swift; path = LoggedInController.swift; sourceTree = "<group>"; };
		AF3CD4C3219652BC00A00EDA /* Messages.swift */ = {isa = PBXFileReference; lastKnownFileType = sourcecode.swift; path = Messages.swift; sourceTree = "<group>"; };
		AF4D572121952281005D5F38 /* uiview.swift */ = {isa = PBXFileReference; lastKnownFileType = sourcecode.swift; path = uiview.swift; sourceTree = "<group>"; };
		AF4D572B219542BF005D5F38 /* OnboardingController.swift */ = {isa = PBXFileReference; lastKnownFileType = sourcecode.swift; path = OnboardingController.swift; sourceTree = "<group>"; };
		AF4D572D2195464D005D5F38 /* OnboardingPage.xib */ = {isa = PBXFileReference; lastKnownFileType = file.xib; path = OnboardingPage.xib; sourceTree = "<group>"; };
		AF4D572F21954850005D5F38 /* OnboardingSlide.swift */ = {isa = PBXFileReference; lastKnownFileType = sourcecode.swift; path = OnboardingSlide.swift; sourceTree = "<group>"; };
		AF726C6A219A33C100A9D5FC /* operations.swift */ = {isa = PBXFileReference; lastKnownFileType = sourcecode.swift; path = operations.swift; sourceTree = "<group>"; };
		AF726C6C219B95ED00A9D5FC /* date.swift */ = {isa = PBXFileReference; lastKnownFileType = sourcecode.swift; path = date.swift; sourceTree = "<group>"; };
		AF726C6F219BA06000A9D5FC /* Settings.storyboard */ = {isa = PBXFileReference; lastKnownFileType = file.storyboard; path = Settings.storyboard; sourceTree = "<group>"; };
		AF726C71219BA40E00A9D5FC /* SettingsController.swift */ = {isa = PBXFileReference; lastKnownFileType = sourcecode.swift; path = SettingsController.swift; sourceTree = "<group>"; };
		AF726C74219BA9DD00A9D5FC /* timer.swift */ = {isa = PBXFileReference; lastKnownFileType = sourcecode.swift; path = timer.swift; sourceTree = "<group>"; };
		AF726C76219CDCE800A9D5FC /* DayView.swift */ = {isa = PBXFileReference; lastKnownFileType = sourcecode.swift; path = DayView.swift; sourceTree = "<group>"; };
		AFAA9BDF2196C38B00DA3B24 /* collection.swift */ = {isa = PBXFileReference; lastKnownFileType = sourcecode.swift; path = collection.swift; sourceTree = "<group>"; };
		AFAA9BE12197FA4100DA3B24 /* Mood.swift */ = {isa = PBXFileReference; lastKnownFileType = sourcecode.swift; path = Mood.swift; sourceTree = "<group>"; };
		AFAA9BE32197FD8600DA3B24 /* LogDay.swift */ = {isa = PBXFileReference; lastKnownFileType = sourcecode.swift; path = LogDay.swift; sourceTree = "<group>"; };
		AFAA9BE52197FDDA00DA3B24 /* Weather.swift */ = {isa = PBXFileReference; lastKnownFileType = sourcecode.swift; path = Weather.swift; sourceTree = "<group>"; };
		AFAA9BE72198082600DA3B24 /* CalendarCell.swift */ = {isa = PBXFileReference; lastKnownFileType = sourcecode.swift; path = CalendarCell.swift; sourceTree = "<group>"; };
/* End PBXFileReference section */

/* Begin PBXFrameworksBuildPhase section */
		AF36FA352194ED020094E3CC /* Frameworks */ = {
			isa = PBXFrameworksBuildPhase;
			buildActionMask = 2147483647;
			files = (
				1357D21B70A13A6BD594980F /* Pods_Pulse.framework in Frameworks */,
			);
			runOnlyForDeploymentPostprocessing = 0;
		};
		AF36FA492194ED050094E3CC /* Frameworks */ = {
			isa = PBXFrameworksBuildPhase;
			buildActionMask = 2147483647;
			files = (
				BC65C1603A39D3CB2E288583 /* Pods_PulseTests.framework in Frameworks */,
			);
			runOnlyForDeploymentPostprocessing = 0;
		};
/* End PBXFrameworksBuildPhase section */

/* Begin PBXGroup section */
		34122A933849DDEFCEB1E431 /* Frameworks */ = {
			isa = PBXGroup;
			children = (
				28D028834D90E6B177767C9A /* Pods_Pulse.framework */,
				764C8EFA1511882B38D6562E /* Pods_PulseTests.framework */,
			);
			name = Frameworks;
			sourceTree = "<group>";
		};
		37253E0E71EAF9970A9221EB /* Pods */ = {
			isa = PBXGroup;
			children = (
				6C94951F8C93A556A8464593 /* Pods-Pulse.debug.xcconfig */,
				8BF05FCD28655B8815D22BAE /* Pods-Pulse.release.xcconfig */,
				987ADFFD72E65D09B732B041 /* Pods-PulseTests.debug.xcconfig */,
				73882C485E0B358E2807A93B /* Pods-PulseTests.release.xcconfig */,
			);
			name = Pods;
			sourceTree = "<group>";
		};
		AF36FA2F2194ED020094E3CC = {
			isa = PBXGroup;
			children = (
				AF36FA3A2194ED020094E3CC /* Pulse */,
				AF36FA4F2194ED050094E3CC /* PulseTests */,
				AF36FA392194ED020094E3CC /* Products */,
				37253E0E71EAF9970A9221EB /* Pods */,
				34122A933849DDEFCEB1E431 /* Frameworks */,
			);
			sourceTree = "<group>";
		};
		AF36FA392194ED020094E3CC /* Products */ = {
			isa = PBXGroup;
			children = (
				AF36FA382194ED020094E3CC /* Pulse.app */,
				AF36FA4C2194ED050094E3CC /* PulseTests.xctest */,
			);
			name = Products;
			sourceTree = "<group>";
		};
		AF36FA3A2194ED020094E3CC /* Pulse */ = {
			isa = PBXGroup;
			children = (
				AF726C73219BA9CA00A9D5FC /* misc */,
				AF36FA622194FA630094E3CC /* extensions */,
				AF36FA5F2194F5680094E3CC /* controllers */,
				AF36FA5E2194F5630094E3CC /* views */,
				AF36FA5D2194F55A0094E3CC /* models */,
				AF36FA3B2194ED020094E3CC /* AppDelegate.swift */,
				21684E8821B49CDB00B8C1CF /* emotions.png */,
				AF36FA3F2194ED020094E3CC /* Main.storyboard */,
				1287013621B1C58800B361D2 /* DayView.storyboard */,
				AF3CD4B52196000700A00EDA /* OnboardingTest.storyboard */,
				AF3CD4BF21961B6800A00EDA /* LoggedIn.storyboard */,
				AF726C6F219BA06000A9D5FC /* Settings.storyboard */,
				AF36FA422194ED050094E3CC /* Assets.xcassets */,
				AF36FA442194ED050094E3CC /* LaunchScreen.storyboard */,
				AF36FA472194ED050094E3CC /* Info.plist */,
				AF36FA5B2194ED6E0094E3CC /* GoogleService-Info.plist */,
			);
			path = Pulse;
			sourceTree = "<group>";
		};
		AF36FA4F2194ED050094E3CC /* PulseTests */ = {
			isa = PBXGroup;
			children = (
				AF36FA502194ED050094E3CC /* PulseTests.swift */,
				AF36FA522194ED050094E3CC /* Info.plist */,
			);
			path = PulseTests;
			sourceTree = "<group>";
		};
		AF36FA5D2194F55A0094E3CC /* models */ = {
			isa = PBXGroup;
			children = (
				AF3CD4BD2196176E00A00EDA /* User.swift */,
				AFAA9BE32197FD8600DA3B24 /* LogDay.swift */,
				AFAA9BE52197FDDA00DA3B24 /* Weather.swift */,
				1287013221B1C52300B361D2 /* weatherData.swift */,
				AFAA9BE12197FA4100DA3B24 /* Mood.swift */,
				AF3CD4C3219652BC00A00EDA /* Messages.swift */,
			);
			path = models;
			sourceTree = "<group>";
		};
		AF36FA5E2194F5630094E3CC /* views */ = {
			isa = PBXGroup;
			children = (
				AF4D572F21954850005D5F38 /* OnboardingSlide.swift */,
				AFAA9BE72198082600DA3B24 /* CalendarCell.swift */,
				AF726C76219CDCE800A9D5FC /* DayView.swift */,
				AF4D572D2195464D005D5F38 /* OnboardingPage.xib */,
			);
			path = views;
			sourceTree = "<group>";
		};
		AF36FA5F2194F5680094E3CC /* controllers */ = {
			isa = PBXGroup;
			children = (
				AF36FA602194F6E10094E3CC /* AuthNavigationController.swift */,
				AF4D572B219542BF005D5F38 /* OnboardingController.swift */,
				AF36FA652194FD440094E3CC /* SignUpController.swift */,
				AF3CD4B72196057800A00EDA /* OnboardingProfileController.swift */,
				AF36FA672194FD5C0094E3CC /* LogInController.swift */,
				AF3CD4C121961BA800A00EDA /* LoggedInController.swift */,
				1287013421B1C54700B361D2 /* DayViewController.swift */,
				AF726C71219BA40E00A9D5FC /* SettingsController.swift */,
				AF3CD4B32195F38200A00EDA /* LandingController.swift */,
			);
			path = controllers;
			sourceTree = "<group>";
		};
		AF36FA622194FA630094E3CC /* extensions */ = {
			isa = PBXGroup;
			children = (
				AF36FA632194FACD0094E3CC /* color.swift */,
				AFAA9BDF2196C38B00DA3B24 /* collection.swift */,
				AF4D572121952281005D5F38 /* uiview.swift */,
				AF726C6C219B95ED00A9D5FC /* date.swift */,
				AF36FA69219506D90094E3CC /* textfield.swift */,
				AF36FA6B2195089A0094E3CC /* string.swift */,
			);
			path = extensions;
			sourceTree = "<group>";
		};
		AF726C73219BA9CA00A9D5FC /* misc */ = {
			isa = PBXGroup;
			children = (
				AF726C6A219A33C100A9D5FC /* operations.swift */,
				AF726C74219BA9DD00A9D5FC /* timer.swift */,
			);
			path = misc;
			sourceTree = "<group>";
		};
/* End PBXGroup section */

/* Begin PBXNativeTarget section */
		AF36FA372194ED020094E3CC /* Pulse */ = {
			isa = PBXNativeTarget;
			buildConfigurationList = AF36FA552194ED050094E3CC /* Build configuration list for PBXNativeTarget "Pulse" */;
			buildPhases = (
				F7C83CD838305F87E930D106 /* [CP] Check Pods Manifest.lock */,
				AF36FA342194ED020094E3CC /* Sources */,
				AF36FA352194ED020094E3CC /* Frameworks */,
				AF36FA362194ED020094E3CC /* Resources */,
				EE7D57C7ED0350C6566D0EE8 /* [CP] Embed Pods Frameworks */,
			);
			buildRules = (
			);
			dependencies = (
			);
			name = Pulse;
			productName = Pulse;
			productReference = AF36FA382194ED020094E3CC /* Pulse.app */;
			productType = "com.apple.product-type.application";
		};
		AF36FA4B2194ED050094E3CC /* PulseTests */ = {
			isa = PBXNativeTarget;
			buildConfigurationList = AF36FA582194ED050094E3CC /* Build configuration list for PBXNativeTarget "PulseTests" */;
			buildPhases = (
				03263DDC8A7F1DE1ED54D69C /* [CP] Check Pods Manifest.lock */,
				AF36FA482194ED050094E3CC /* Sources */,
				AF36FA492194ED050094E3CC /* Frameworks */,
				AF36FA4A2194ED050094E3CC /* Resources */,
			);
			buildRules = (
			);
			dependencies = (
				AF36FA4E2194ED050094E3CC /* PBXTargetDependency */,
			);
			name = PulseTests;
			productName = PulseTests;
			productReference = AF36FA4C2194ED050094E3CC /* PulseTests.xctest */;
			productType = "com.apple.product-type.bundle.unit-test";
		};
/* End PBXNativeTarget section */

/* Begin PBXProject section */
		AF36FA302194ED020094E3CC /* Project object */ = {
			isa = PBXProject;
			attributes = {
				LastSwiftUpdateCheck = 1000;
				LastUpgradeCheck = 1000;
				ORGANIZATIONNAME = "Reilly Freret";
				TargetAttributes = {
					AF36FA372194ED020094E3CC = {
						CreatedOnToolsVersion = 10.0;
					};
					AF36FA4B2194ED050094E3CC = {
						CreatedOnToolsVersion = 10.0;
						TestTargetID = AF36FA372194ED020094E3CC;
					};
				};
			};
			buildConfigurationList = AF36FA332194ED020094E3CC /* Build configuration list for PBXProject "Pulse" */;
			compatibilityVersion = "Xcode 9.3";
			developmentRegion = en;
			hasScannedForEncodings = 0;
			knownRegions = (
				en,
				Base,
			);
			mainGroup = AF36FA2F2194ED020094E3CC;
			productRefGroup = AF36FA392194ED020094E3CC /* Products */;
			projectDirPath = "";
			projectRoot = "";
			targets = (
				AF36FA372194ED020094E3CC /* Pulse */,
				AF36FA4B2194ED050094E3CC /* PulseTests */,
			);
		};
/* End PBXProject section */

/* Begin PBXResourcesBuildPhase section */
		AF36FA362194ED020094E3CC /* Resources */ = {
			isa = PBXResourcesBuildPhase;
			buildActionMask = 2147483647;
			files = (
				AF36FA462194ED050094E3CC /* LaunchScreen.storyboard in Resources */,
				1287013721B1C58800B361D2 /* DayView.storyboard in Resources */,
				AF3CD4B62196000700A00EDA /* OnboardingTest.storyboard in Resources */,
				AF3CD4C021961B6800A00EDA /* LoggedIn.storyboard in Resources */,
				AF726C70219BA06000A9D5FC /* Settings.storyboard in Resources */,
				AF4D572E2195464D005D5F38 /* OnboardingPage.xib in Resources */,
				AF36FA5C2194ED6E0094E3CC /* GoogleService-Info.plist in Resources */,
				21684E8921B49CDB00B8C1CF /* emotions.png in Resources */,
				AF36FA432194ED050094E3CC /* Assets.xcassets in Resources */,
				AF36FA412194ED020094E3CC /* Main.storyboard in Resources */,
			);
			runOnlyForDeploymentPostprocessing = 0;
		};
		AF36FA4A2194ED050094E3CC /* Resources */ = {
			isa = PBXResourcesBuildPhase;
			buildActionMask = 2147483647;
			files = (
			);
			runOnlyForDeploymentPostprocessing = 0;
		};
/* End PBXResourcesBuildPhase section */

/* Begin PBXShellScriptBuildPhase section */
		03263DDC8A7F1DE1ED54D69C /* [CP] Check Pods Manifest.lock */ = {
			isa = PBXShellScriptBuildPhase;
			buildActionMask = 2147483647;
			files = (
			);
			inputPaths = (
				"${PODS_PODFILE_DIR_PATH}/Podfile.lock",
				"${PODS_ROOT}/Manifest.lock",
			);
			name = "[CP] Check Pods Manifest.lock";
			outputPaths = (
				"$(DERIVED_FILE_DIR)/Pods-PulseTests-checkManifestLockResult.txt",
			);
			runOnlyForDeploymentPostprocessing = 0;
			shellPath = /bin/sh;
			shellScript = "diff \"${PODS_PODFILE_DIR_PATH}/Podfile.lock\" \"${PODS_ROOT}/Manifest.lock\" > /dev/null\nif [ $? != 0 ] ; then\n    # print error to STDERR\n    echo \"error: The sandbox is not in sync with the Podfile.lock. Run 'pod install' or update your CocoaPods installation.\" >&2\n    exit 1\nfi\n# This output is used by Xcode 'outputs' to avoid re-running this script phase.\necho \"SUCCESS\" > \"${SCRIPT_OUTPUT_FILE_0}\"\n";
			showEnvVarsInLog = 0;
		};
		EE7D57C7ED0350C6566D0EE8 /* [CP] Embed Pods Frameworks */ = {
			isa = PBXShellScriptBuildPhase;
			buildActionMask = 2147483647;
			files = (
			);
			inputPaths = (
				"${SRCROOT}/Pods/Target Support Files/Pods-Pulse/Pods-Pulse-frameworks.sh",
				"${BUILT_PRODUCTS_DIR}/BoringSSL/openssl.framework",
				"${BUILT_PRODUCTS_DIR}/GTMSessionFetcher/GTMSessionFetcher.framework",
				"${BUILT_PRODUCTS_DIR}/GoogleUtilities/GoogleUtilities.framework",
				"${BUILT_PRODUCTS_DIR}/IQKeyboardManagerSwift/IQKeyboardManagerSwift.framework",
				"${BUILT_PRODUCTS_DIR}/Protobuf/Protobuf.framework",
				"${BUILT_PRODUCTS_DIR}/gRPC/GRPCClient.framework",
				"${BUILT_PRODUCTS_DIR}/gRPC-C++/grpcpp.framework",
				"${BUILT_PRODUCTS_DIR}/gRPC-Core/grpc.framework",
				"${BUILT_PRODUCTS_DIR}/gRPC-ProtoRPC/ProtoRPC.framework",
				"${BUILT_PRODUCTS_DIR}/gRPC-RxLibrary/RxLibrary.framework",
				"${BUILT_PRODUCTS_DIR}/leveldb-library/leveldb.framework",
				"${BUILT_PRODUCTS_DIR}/nanopb/nanopb.framework",
			);
			name = "[CP] Embed Pods Frameworks";
			outputPaths = (
				"${TARGET_BUILD_DIR}/${FRAMEWORKS_FOLDER_PATH}/openssl.framework",
				"${TARGET_BUILD_DIR}/${FRAMEWORKS_FOLDER_PATH}/GTMSessionFetcher.framework",
				"${TARGET_BUILD_DIR}/${FRAMEWORKS_FOLDER_PATH}/GoogleUtilities.framework",
				"${TARGET_BUILD_DIR}/${FRAMEWORKS_FOLDER_PATH}/IQKeyboardManagerSwift.framework",
				"${TARGET_BUILD_DIR}/${FRAMEWORKS_FOLDER_PATH}/Protobuf.framework",
				"${TARGET_BUILD_DIR}/${FRAMEWORKS_FOLDER_PATH}/GRPCClient.framework",
				"${TARGET_BUILD_DIR}/${FRAMEWORKS_FOLDER_PATH}/grpcpp.framework",
				"${TARGET_BUILD_DIR}/${FRAMEWORKS_FOLDER_PATH}/grpc.framework",
				"${TARGET_BUILD_DIR}/${FRAMEWORKS_FOLDER_PATH}/ProtoRPC.framework",
				"${TARGET_BUILD_DIR}/${FRAMEWORKS_FOLDER_PATH}/RxLibrary.framework",
				"${TARGET_BUILD_DIR}/${FRAMEWORKS_FOLDER_PATH}/leveldb.framework",
				"${TARGET_BUILD_DIR}/${FRAMEWORKS_FOLDER_PATH}/nanopb.framework",
			);
			runOnlyForDeploymentPostprocessing = 0;
			shellPath = /bin/sh;
			shellScript = "\"${SRCROOT}/Pods/Target Support Files/Pods-Pulse/Pods-Pulse-frameworks.sh\"\n";
			showEnvVarsInLog = 0;
		};
		F7C83CD838305F87E930D106 /* [CP] Check Pods Manifest.lock */ = {
			isa = PBXShellScriptBuildPhase;
			buildActionMask = 2147483647;
			files = (
			);
			inputPaths = (
				"${PODS_PODFILE_DIR_PATH}/Podfile.lock",
				"${PODS_ROOT}/Manifest.lock",
			);
			name = "[CP] Check Pods Manifest.lock";
			outputPaths = (
				"$(DERIVED_FILE_DIR)/Pods-Pulse-checkManifestLockResult.txt",
			);
			runOnlyForDeploymentPostprocessing = 0;
			shellPath = /bin/sh;
			shellScript = "diff \"${PODS_PODFILE_DIR_PATH}/Podfile.lock\" \"${PODS_ROOT}/Manifest.lock\" > /dev/null\nif [ $? != 0 ] ; then\n    # print error to STDERR\n    echo \"error: The sandbox is not in sync with the Podfile.lock. Run 'pod install' or update your CocoaPods installation.\" >&2\n    exit 1\nfi\n# This output is used by Xcode 'outputs' to avoid re-running this script phase.\necho \"SUCCESS\" > \"${SCRIPT_OUTPUT_FILE_0}\"\n";
			showEnvVarsInLog = 0;
		};
/* End PBXShellScriptBuildPhase section */

/* Begin PBXSourcesBuildPhase section */
		AF36FA342194ED020094E3CC /* Sources */ = {
			isa = PBXSourcesBuildPhase;
			buildActionMask = 2147483647;
			files = (
				AF3CD4B82196057800A00EDA /* OnboardingProfileController.swift in Sources */,
				AF726C77219CDCE800A9D5FC /* DayView.swift in Sources */,
				AFAA9BE82198082600DA3B24 /* CalendarCell.swift in Sources */,
				AF3CD4C4219652BC00A00EDA /* Messages.swift in Sources */,
				AF36FA662194FD440094E3CC /* SignUpController.swift in Sources */,
				AF36FA682194FD5C0094E3CC /* LogInController.swift in Sources */,
				1287013321B1C52300B361D2 /* weatherData.swift in Sources */,
				AFAA9BE42197FD8600DA3B24 /* LogDay.swift in Sources */,
				AF4D572221952281005D5F38 /* uiview.swift in Sources */,
				AF726C6D219B95ED00A9D5FC /* date.swift in Sources */,
				AF726C6B219A33C100A9D5FC /* operations.swift in Sources */,
				AF3CD4B42195F38200A00EDA /* LandingController.swift in Sources */,
				AF36FA612194F6E10094E3CC /* AuthNavigationController.swift in Sources */,
				AFAA9BE02196C38B00DA3B24 /* collection.swift in Sources */,
				AFAA9BE62197FDDA00DA3B24 /* Weather.swift in Sources */,
				AF3CD4BE2196176E00A00EDA /* User.swift in Sources */,
				AF36FA642194FACD0094E3CC /* color.swift in Sources */,
				1287013521B1C54700B361D2 /* DayViewController.swift in Sources */,
				AF726C75219BA9DD00A9D5FC /* timer.swift in Sources */,
				AFAA9BE22197FA4100DA3B24 /* Mood.swift in Sources */,
				AF36FA3C2194ED020094E3CC /* AppDelegate.swift in Sources */,
				AF36FA6C2195089A0094E3CC /* string.swift in Sources */,
				AF4D572C219542BF005D5F38 /* OnboardingController.swift in Sources */,
				AF3CD4C221961BA800A00EDA /* LoggedInController.swift in Sources */,
				AF726C72219BA40E00A9D5FC /* SettingsController.swift in Sources */,
				AF36FA6A219506D90094E3CC /* textfield.swift in Sources */,
				AF4D573021954850005D5F38 /* OnboardingSlide.swift in Sources */,
			);
			runOnlyForDeploymentPostprocessing = 0;
		};
		AF36FA482194ED050094E3CC /* Sources */ = {
			isa = PBXSourcesBuildPhase;
			buildActionMask = 2147483647;
			files = (
				AF36FA512194ED050094E3CC /* PulseTests.swift in Sources */,
			);
			runOnlyForDeploymentPostprocessing = 0;
		};
/* End PBXSourcesBuildPhase section */

/* Begin PBXTargetDependency section */
		AF36FA4E2194ED050094E3CC /* PBXTargetDependency */ = {
			isa = PBXTargetDependency;
			target = AF36FA372194ED020094E3CC /* Pulse */;
			targetProxy = AF36FA4D2194ED050094E3CC /* PBXContainerItemProxy */;
		};
/* End PBXTargetDependency section */

/* Begin PBXVariantGroup section */
		AF36FA3F2194ED020094E3CC /* Main.storyboard */ = {
			isa = PBXVariantGroup;
			children = (
				AF36FA402194ED020094E3CC /* Base */,
			);
			name = Main.storyboard;
			sourceTree = "<group>";
		};
		AF36FA442194ED050094E3CC /* LaunchScreen.storyboard */ = {
			isa = PBXVariantGroup;
			children = (
				AF36FA452194ED050094E3CC /* Base */,
			);
			name = LaunchScreen.storyboard;
			sourceTree = "<group>";
		};
/* End PBXVariantGroup section */

/* Begin XCBuildConfiguration section */
		AF36FA532194ED050094E3CC /* Debug */ = {
			isa = XCBuildConfiguration;
			buildSettings = {
				ALWAYS_SEARCH_USER_PATHS = NO;
				CLANG_ANALYZER_NONNULL = YES;
				CLANG_ANALYZER_NUMBER_OBJECT_CONVERSION = YES_AGGRESSIVE;
				CLANG_CXX_LANGUAGE_STANDARD = "gnu++14";
				CLANG_CXX_LIBRARY = "libc++";
				CLANG_ENABLE_MODULES = YES;
				CLANG_ENABLE_OBJC_ARC = YES;
				CLANG_ENABLE_OBJC_WEAK = YES;
				CLANG_WARN_BLOCK_CAPTURE_AUTORELEASING = YES;
				CLANG_WARN_BOOL_CONVERSION = YES;
				CLANG_WARN_COMMA = YES;
				CLANG_WARN_CONSTANT_CONVERSION = YES;
				CLANG_WARN_DEPRECATED_OBJC_IMPLEMENTATIONS = YES;
				CLANG_WARN_DIRECT_OBJC_ISA_USAGE = YES_ERROR;
				CLANG_WARN_DOCUMENTATION_COMMENTS = YES;
				CLANG_WARN_EMPTY_BODY = YES;
				CLANG_WARN_ENUM_CONVERSION = YES;
				CLANG_WARN_INFINITE_RECURSION = YES;
				CLANG_WARN_INT_CONVERSION = YES;
				CLANG_WARN_NON_LITERAL_NULL_CONVERSION = YES;
				CLANG_WARN_OBJC_IMPLICIT_RETAIN_SELF = YES;
				CLANG_WARN_OBJC_LITERAL_CONVERSION = YES;
				CLANG_WARN_OBJC_ROOT_CLASS = YES_ERROR;
				CLANG_WARN_RANGE_LOOP_ANALYSIS = YES;
				CLANG_WARN_STRICT_PROTOTYPES = YES;
				CLANG_WARN_SUSPICIOUS_MOVE = YES;
				CLANG_WARN_UNGUARDED_AVAILABILITY = YES_AGGRESSIVE;
				CLANG_WARN_UNREACHABLE_CODE = YES;
				CLANG_WARN__DUPLICATE_METHOD_MATCH = YES;
				CODE_SIGN_IDENTITY = "iPhone Developer";
				COPY_PHASE_STRIP = NO;
				DEBUG_INFORMATION_FORMAT = dwarf;
				ENABLE_STRICT_OBJC_MSGSEND = YES;
				ENABLE_TESTABILITY = YES;
				GCC_C_LANGUAGE_STANDARD = gnu11;
				GCC_DYNAMIC_NO_PIC = NO;
				GCC_NO_COMMON_BLOCKS = YES;
				GCC_OPTIMIZATION_LEVEL = 0;
				GCC_PREPROCESSOR_DEFINITIONS = (
					"DEBUG=1",
					"$(inherited)",
				);
				GCC_WARN_64_TO_32_BIT_CONVERSION = YES;
				GCC_WARN_ABOUT_RETURN_TYPE = YES_ERROR;
				GCC_WARN_UNDECLARED_SELECTOR = YES;
				GCC_WARN_UNINITIALIZED_AUTOS = YES_AGGRESSIVE;
				GCC_WARN_UNUSED_FUNCTION = YES;
				GCC_WARN_UNUSED_VARIABLE = YES;
				IPHONEOS_DEPLOYMENT_TARGET = 11.4;
				MTL_ENABLE_DEBUG_INFO = INCLUDE_SOURCE;
				MTL_FAST_MATH = YES;
				ONLY_ACTIVE_ARCH = YES;
				SDKROOT = iphoneos;
				SWIFT_ACTIVE_COMPILATION_CONDITIONS = DEBUG;
				SWIFT_OPTIMIZATION_LEVEL = "-Onone";
			};
			name = Debug;
		};
		AF36FA542194ED050094E3CC /* Release */ = {
			isa = XCBuildConfiguration;
			buildSettings = {
				ALWAYS_SEARCH_USER_PATHS = NO;
				CLANG_ANALYZER_NONNULL = YES;
				CLANG_ANALYZER_NUMBER_OBJECT_CONVERSION = YES_AGGRESSIVE;
				CLANG_CXX_LANGUAGE_STANDARD = "gnu++14";
				CLANG_CXX_LIBRARY = "libc++";
				CLANG_ENABLE_MODULES = YES;
				CLANG_ENABLE_OBJC_ARC = YES;
				CLANG_ENABLE_OBJC_WEAK = YES;
				CLANG_WARN_BLOCK_CAPTURE_AUTORELEASING = YES;
				CLANG_WARN_BOOL_CONVERSION = YES;
				CLANG_WARN_COMMA = YES;
				CLANG_WARN_CONSTANT_CONVERSION = YES;
				CLANG_WARN_DEPRECATED_OBJC_IMPLEMENTATIONS = YES;
				CLANG_WARN_DIRECT_OBJC_ISA_USAGE = YES_ERROR;
				CLANG_WARN_DOCUMENTATION_COMMENTS = YES;
				CLANG_WARN_EMPTY_BODY = YES;
				CLANG_WARN_ENUM_CONVERSION = YES;
				CLANG_WARN_INFINITE_RECURSION = YES;
				CLANG_WARN_INT_CONVERSION = YES;
				CLANG_WARN_NON_LITERAL_NULL_CONVERSION = YES;
				CLANG_WARN_OBJC_IMPLICIT_RETAIN_SELF = YES;
				CLANG_WARN_OBJC_LITERAL_CONVERSION = YES;
				CLANG_WARN_OBJC_ROOT_CLASS = YES_ERROR;
				CLANG_WARN_RANGE_LOOP_ANALYSIS = YES;
				CLANG_WARN_STRICT_PROTOTYPES = YES;
				CLANG_WARN_SUSPICIOUS_MOVE = YES;
				CLANG_WARN_UNGUARDED_AVAILABILITY = YES_AGGRESSIVE;
				CLANG_WARN_UNREACHABLE_CODE = YES;
				CLANG_WARN__DUPLICATE_METHOD_MATCH = YES;
				CODE_SIGN_IDENTITY = "iPhone Developer";
				COPY_PHASE_STRIP = NO;
				DEBUG_INFORMATION_FORMAT = "dwarf-with-dsym";
				ENABLE_NS_ASSERTIONS = NO;
				ENABLE_STRICT_OBJC_MSGSEND = YES;
				GCC_C_LANGUAGE_STANDARD = gnu11;
				GCC_NO_COMMON_BLOCKS = YES;
				GCC_WARN_64_TO_32_BIT_CONVERSION = YES;
				GCC_WARN_ABOUT_RETURN_TYPE = YES_ERROR;
				GCC_WARN_UNDECLARED_SELECTOR = YES;
				GCC_WARN_UNINITIALIZED_AUTOS = YES_AGGRESSIVE;
				GCC_WARN_UNUSED_FUNCTION = YES;
				GCC_WARN_UNUSED_VARIABLE = YES;
				IPHONEOS_DEPLOYMENT_TARGET = 11.4;
				MTL_ENABLE_DEBUG_INFO = NO;
				MTL_FAST_MATH = YES;
				SDKROOT = iphoneos;
				SWIFT_COMPILATION_MODE = wholemodule;
				SWIFT_OPTIMIZATION_LEVEL = "-O";
				VALIDATE_PRODUCT = YES;
			};
			name = Release;
		};
		AF36FA562194ED050094E3CC /* Debug */ = {
			isa = XCBuildConfiguration;
			baseConfigurationReference = 6C94951F8C93A556A8464593 /* Pods-Pulse.debug.xcconfig */;
			buildSettings = {
				ASSETCATALOG_COMPILER_APPICON_NAME = AppIcon;
				CLANG_WARN_DOCUMENTATION_COMMENTS = NO;
				CODE_SIGN_STYLE = Automatic;
				DEVELOPMENT_TEAM = "";
				GCC_WARN_INHIBIT_ALL_WARNINGS = YES;
				INFOPLIST_FILE = Pulse/Info.plist;
				IPHONEOS_DEPLOYMENT_TARGET = 11.4;
				LD_RUNPATH_SEARCH_PATHS = (
					"$(inherited)",
					"@executable_path/Frameworks",
				);
				PRODUCT_BUNDLE_IDENTIFIER = com.freret.Pulse;
				PRODUCT_NAME = "$(TARGET_NAME)";
				SWIFT_VERSION = 4.2;
				TARGETED_DEVICE_FAMILY = "1,2";
			};
			name = Debug;
		};
		AF36FA572194ED050094E3CC /* Release */ = {
			isa = XCBuildConfiguration;
			baseConfigurationReference = 8BF05FCD28655B8815D22BAE /* Pods-Pulse.release.xcconfig */;
			buildSettings = {
				ASSETCATALOG_COMPILER_APPICON_NAME = AppIcon;
				CLANG_WARN_DOCUMENTATION_COMMENTS = NO;
				CODE_SIGN_STYLE = Automatic;
				DEVELOPMENT_TEAM = "";
				GCC_WARN_INHIBIT_ALL_WARNINGS = YES;
				INFOPLIST_FILE = Pulse/Info.plist;
				IPHONEOS_DEPLOYMENT_TARGET = 11.4;
				LD_RUNPATH_SEARCH_PATHS = (
					"$(inherited)",
					"@executable_path/Frameworks",
				);
				PRODUCT_BUNDLE_IDENTIFIER = com.freret.Pulse;
				PRODUCT_NAME = "$(TARGET_NAME)";
				SWIFT_VERSION = 4.2;
				TARGETED_DEVICE_FAMILY = "1,2";
			};
			name = Release;
		};
		AF36FA592194ED050094E3CC /* Debug */ = {
			isa = XCBuildConfiguration;
			baseConfigurationReference = 987ADFFD72E65D09B732B041 /* Pods-PulseTests.debug.xcconfig */;
			buildSettings = {
				ALWAYS_EMBED_SWIFT_STANDARD_LIBRARIES = YES;
				BUNDLE_LOADER = "$(TEST_HOST)";
				CODE_SIGN_STYLE = Automatic;
				DEVELOPMENT_TEAM = KQYA2A8JRS;
				INFOPLIST_FILE = PulseTests/Info.plist;
				LD_RUNPATH_SEARCH_PATHS = (
					"$(inherited)",
					"@executable_path/Frameworks",
					"@loader_path/Frameworks",
				);
				PRODUCT_BUNDLE_IDENTIFIER = com.freret.PulseTests;
				PRODUCT_NAME = "$(TARGET_NAME)";
				SWIFT_VERSION = 4.2;
				TARGETED_DEVICE_FAMILY = "1,2";
				TEST_HOST = "$(BUILT_PRODUCTS_DIR)/Pulse.app/Pulse";
			};
			name = Debug;
		};
		AF36FA5A2194ED050094E3CC /* Release */ = {
			isa = XCBuildConfiguration;
			baseConfigurationReference = 73882C485E0B358E2807A93B /* Pods-PulseTests.release.xcconfig */;
			buildSettings = {
				ALWAYS_EMBED_SWIFT_STANDARD_LIBRARIES = YES;
				BUNDLE_LOADER = "$(TEST_HOST)";
				CODE_SIGN_STYLE = Automatic;
				DEVELOPMENT_TEAM = KQYA2A8JRS;
				INFOPLIST_FILE = PulseTests/Info.plist;
				LD_RUNPATH_SEARCH_PATHS = (
					"$(inherited)",
					"@executable_path/Frameworks",
					"@loader_path/Frameworks",
				);
				PRODUCT_BUNDLE_IDENTIFIER = com.freret.PulseTests;
				PRODUCT_NAME = "$(TARGET_NAME)";
				SWIFT_VERSION = 4.2;
				TARGETED_DEVICE_FAMILY = "1,2";
				TEST_HOST = "$(BUILT_PRODUCTS_DIR)/Pulse.app/Pulse";
			};
			name = Release;
		};
/* End XCBuildConfiguration section */

/* Begin XCConfigurationList section */
		AF36FA332194ED020094E3CC /* Build configuration list for PBXProject "Pulse" */ = {
			isa = XCConfigurationList;
			buildConfigurations = (
				AF36FA532194ED050094E3CC /* Debug */,
				AF36FA542194ED050094E3CC /* Release */,
			);
			defaultConfigurationIsVisible = 0;
			defaultConfigurationName = Release;
		};
		AF36FA552194ED050094E3CC /* Build configuration list for PBXNativeTarget "Pulse" */ = {
			isa = XCConfigurationList;
			buildConfigurations = (
				AF36FA562194ED050094E3CC /* Debug */,
				AF36FA572194ED050094E3CC /* Release */,
			);
			defaultConfigurationIsVisible = 0;
			defaultConfigurationName = Release;
		};
		AF36FA582194ED050094E3CC /* Build configuration list for PBXNativeTarget "PulseTests" */ = {
			isa = XCConfigurationList;
			buildConfigurations = (
				AF36FA592194ED050094E3CC /* Debug */,
				AF36FA5A2194ED050094E3CC /* Release */,
			);
			defaultConfigurationIsVisible = 0;
			defaultConfigurationName = Release;
		};
/* End XCConfigurationList section */
	};
	rootObject = AF36FA302194ED020094E3CC /* Project object */;
}
